{
  "name": "contenttools",
  "version": "1.0.0",
  "lockfileVersion": 1,
  "requires": true,
  "dependencies": {
    "coffeescript": {
      "version": "2.2.2",
      "resolved": "https://registry.npmjs.org/coffeescript/-/coffeescript-2.2.2.tgz",
      "integrity": "sha512-VJnQbuT/lUXFPeh9ZPwuqZjG216ngxE89vfj1a1hlAaCCVOb694kKXMVSMm9kLKTbkMQKc/dPs9ABjO2ghMMJQ=="
    },
    "ContentTools": {
      "version": "1.6.4",
      "resolved": "https://registry.npmjs.org/ContentTools/-/ContentTools-1.6.4.tgz",
      "integrity": "sha1-N9r55h1Aql4y7FZbmvZsYOIe0Cg="
    }
  }
}
